// !$*UTF8*$!
{
	archiveVersion = 1;
	classes = {
	};
	objectVersion = 55;
	objects = {

/* Begin PBXBuildFile section */
		BB31E2D627825FE0003ABACA /* main.cpp in Sources */ = {isa = PBXBuildFile; fileRef = BB31E2D527825FE0003ABACA /* main.cpp */; };
		BB31E3162782651A003ABACA /* libopencv_calib3d.4.5.4.dylib in Frameworks */ = {isa = PBXBuildFile; fileRef = BB31E2DE27826518003ABACA /* libopencv_calib3d.4.5.4.dylib */; };
		BB31E3172782651A003ABACA /* libopencv_bgsegm.4.5.4.dylib in Frameworks */ = {isa = PBXBuildFile; fileRef = BB31E2DF27826518003ABACA /* libopencv_bgsegm.4.5.4.dylib */; };
		BB31E3182782651A003ABACA /* libopencv_sfm.4.5.4.dylib in Frameworks */ = {isa = PBXBuildFile; fileRef = BB31E2E027826518003ABACA /* libopencv_sfm.4.5.4.dylib */; };
		BB31E3192782651A003ABACA /* libopencv_mcc.4.5.4.dylib in Frameworks */ = {isa = PBXBuildFile; fileRef = BB31E2E127826518003ABACA /* libopencv_mcc.4.5.4.dylib */; };
		BB31E31A2782651A003ABACA /* libopencv_imgcodecs.4.5.4.dylib in Frameworks */ = {isa = PBXBuildFile; fileRef = BB31E2E227826518003ABACA /* libopencv_imgcodecs.4.5.4.dylib */; };
		BB31E31B2782651A003ABACA /* libopencv_imgproc.4.5.4.dylib in Frameworks */ = {isa = PBXBuildFile; fileRef = BB31E2E327826518003ABACA /* libopencv_imgproc.4.5.4.dylib */; };
		BB31E31C2782651A003ABACA /* libopencv_aruco.4.5.4.dylib in Frameworks */ = {isa = PBXBuildFile; fileRef = BB31E2E427826518003ABACA /* libopencv_aruco.4.5.4.dylib */; };
		BB31E31D2782651A003ABACA /* libopencv_photo.4.5.4.dylib in Frameworks */ = {isa = PBXBuildFile; fileRef = BB31E2E527826518003ABACA /* libopencv_photo.4.5.4.dylib */; };
		BB31E31E2782651A003ABACA /* libopencv_line_descriptor.4.5.4.dylib in Frameworks */ = {isa = PBXBuildFile; fileRef = BB31E2E627826518003ABACA /* libopencv_line_descriptor.4.5.4.dylib */; };
		BB31E31F2782651A003ABACA /* libopencv_fuzzy.4.5.4.dylib in Frameworks */ = {isa = PBXBuildFile; fileRef = BB31E2E727826518003ABACA /* libopencv_fuzzy.4.5.4.dylib */; };
		BB31E3202782651A003ABACA /* libopencv_highgui.4.5.4.dylib in Frameworks */ = {isa = PBXBuildFile; fileRef = BB31E2E827826518003ABACA /* libopencv_highgui.4.5.4.dylib */; };
		BB31E3212782651A003ABACA /* libopencv_optflow.4.5.4.dylib in Frameworks */ = {isa = PBXBuildFile; fileRef = BB31E2E927826518003ABACA /* libopencv_optflow.4.5.4.dylib */; };
		BB31E3222782651A003ABACA /* libopencv_quality.4.5.4.dylib in Frameworks */ = {isa = PBXBuildFile; fileRef = BB31E2EA27826518003ABACA /* libopencv_quality.4.5.4.dylib */; };
		BB31E3232782651A003ABACA /* libopencv_video.4.5.4.dylib in Frameworks */ = {isa = PBXBuildFile; fileRef = BB31E2EB27826518003ABACA /* libopencv_video.4.5.4.dylib */; };
		BB31E3242782651A003ABACA /* libopencv_viz.4.5.4.dylib in Frameworks */ = {isa = PBXBuildFile; fileRef = BB31E2EC27826518003ABACA /* libopencv_viz.4.5.4.dylib */; };
		BB31E3252782651A003ABACA /* libopencv_tracking.4.5.4.dylib in Frameworks */ = {isa = PBXBuildFile; fileRef = BB31E2ED27826518003ABACA /* libopencv_tracking.4.5.4.dylib */; };
		BB31E3262782651A003ABACA /* libopencv_structured_light.4.5.4.dylib in Frameworks */ = {isa = PBXBuildFile; fileRef = BB31E2EE27826518003ABACA /* libopencv_structured_light.4.5.4.dylib */; };
		BB31E3272782651A003ABACA /* libopencv_text.4.5.4.dylib in Frameworks */ = {isa = PBXBuildFile; fileRef = BB31E2EF27826518003ABACA /* libopencv_text.4.5.4.dylib */; };
		BB31E3282782651A003ABACA /* libopencv_ml.4.5.4.dylib in Frameworks */ = {isa = PBXBuildFile; fileRef = BB31E2F027826518003ABACA /* libopencv_ml.4.5.4.dylib */; };
		BB31E3292782651A003ABACA /* libopencv_dnn_superres.4.5.4.dylib in Frameworks */ = {isa = PBXBuildFile; fileRef = BB31E2F127826518003ABACA /* libopencv_dnn_superres.4.5.4.dylib */; };
		BB31E32A2782651A003ABACA /* libopencv_stitching.4.5.4.dylib in Frameworks */ = {isa = PBXBuildFile; fileRef = BB31E2F227826518003ABACA /* libopencv_stitching.4.5.4.dylib */; };
		BB31E32B2782651A003ABACA /* libopencv_videoio.4.5.4.dylib in Frameworks */ = {isa = PBXBuildFile; fileRef = BB31E2F327826518003ABACA /* libopencv_videoio.4.5.4.dylib */; };
		BB31E32C2782651A003ABACA /* libopencv_wechat_qrcode.4.5.4.dylib in Frameworks */ = {isa = PBXBuildFile; fileRef = BB31E2F427826518003ABACA /* libopencv_wechat_qrcode.4.5.4.dylib */; };
		BB31E32D2782651A003ABACA /* libopencv_saliency.4.5.4.dylib in Frameworks */ = {isa = PBXBuildFile; fileRef = BB31E2F527826518003ABACA /* libopencv_saliency.4.5.4.dylib */; };
		BB31E32E2782651A003ABACA /* libopencv_alphamat.4.5.4.dylib in Frameworks */ = {isa = PBXBuildFile; fileRef = BB31E2F627826519003ABACA /* libopencv_alphamat.4.5.4.dylib */; };
		BB31E32F2782651A003ABACA /* libopencv_bioinspired.4.5.4.dylib in Frameworks */ = {isa = PBXBuildFile; fileRef = BB31E2F727826519003ABACA /* libopencv_bioinspired.4.5.4.dylib */; };
		BB31E3302782651A003ABACA /* libopencv_dpm.4.5.4.dylib in Frameworks */ = {isa = PBXBuildFile; fileRef = BB31E2F827826519003ABACA /* libopencv_dpm.4.5.4.dylib */; };
		BB31E3312782651A003ABACA /* libopencv_surface_matching.4.5.4.dylib in Frameworks */ = {isa = PBXBuildFile; fileRef = BB31E2F927826519003ABACA /* libopencv_surface_matching.4.5.4.dylib */; };
		BB31E3322782651A003ABACA /* libopencv_flann.4.5.4.dylib in Frameworks */ = {isa = PBXBuildFile; fileRef = BB31E2FA27826519003ABACA /* libopencv_flann.4.5.4.dylib */; };
		BB31E3332782651A003ABACA /* libopencv_ccalib.4.5.4.dylib in Frameworks */ = {isa = PBXBuildFile; fileRef = BB31E2FB27826519003ABACA /* libopencv_ccalib.4.5.4.dylib */; };
		BB31E3342782651A003ABACA /* libopencv_xobjdetect.4.5.4.dylib in Frameworks */ = {isa = PBXBuildFile; fileRef = BB31E2FC27826519003ABACA /* libopencv_xobjdetect.4.5.4.dylib */; };
		BB31E3352782651B003ABACA /* libopencv_gapi.4.5.4.dylib in Frameworks */ = {isa = PBXBuildFile; fileRef = BB31E2FD27826519003ABACA /* libopencv_gapi.4.5.4.dylib */; };
		BB31E3362782651B003ABACA /* libopencv_datasets.4.5.4.dylib in Frameworks */ = {isa = PBXBuildFile; fileRef = BB31E2FE27826519003ABACA /* libopencv_datasets.4.5.4.dylib */; };
		BB31E3372782651B003ABACA /* libopencv_dnn.4.5.4.dylib in Frameworks */ = {isa = PBXBuildFile; fileRef = BB31E2FF27826519003ABACA /* libopencv_dnn.4.5.4.dylib */; };
		BB31E3382782651B003ABACA /* libopencv_intensity_transform.4.5.4.dylib in Frameworks */ = {isa = PBXBuildFile; fileRef = BB31E30027826519003ABACA /* libopencv_intensity_transform.4.5.4.dylib */; };
		BB31E3392782651B003ABACA /* libopencv_rgbd.4.5.4.dylib in Frameworks */ = {isa = PBXBuildFile; fileRef = BB31E30127826519003ABACA /* libopencv_rgbd.4.5.4.dylib */; };
		BB31E33A2782651B003ABACA /* libopencv_img_hash.4.5.4.dylib in Frameworks */ = {isa = PBXBuildFile; fileRef = BB31E30227826519003ABACA /* libopencv_img_hash.4.5.4.dylib */; };
		BB31E33B2782651B003ABACA /* libopencv_dnn_objdetect.4.5.4.dylib in Frameworks */ = {isa = PBXBuildFile; fileRef = BB31E30327826519003ABACA /* libopencv_dnn_objdetect.4.5.4.dylib */; };
		BB31E33C2782651B003ABACA /* libopencv_phase_unwrapping.4.5.4.dylib in Frameworks */ = {isa = PBXBuildFile; fileRef = BB31E30427826519003ABACA /* libopencv_phase_unwrapping.4.5.4.dylib */; };
		BB31E33D2782651B003ABACA /* libopencv_face.4.5.4.dylib in Frameworks */ = {isa = PBXBuildFile; fileRef = BB31E30527826519003ABACA /* libopencv_face.4.5.4.dylib */; };
		BB31E33E2782651B003ABACA /* libopencv_stereo.4.5.4.dylib in Frameworks */ = {isa = PBXBuildFile; fileRef = BB31E30627826519003ABACA /* libopencv_stereo.4.5.4.dylib */; };
		BB31E33F2782651B003ABACA /* libopencv_hfs.4.5.4.dylib in Frameworks */ = {isa = PBXBuildFile; fileRef = BB31E30727826519003ABACA /* libopencv_hfs.4.5.4.dylib */; };
		BB31E3402782651B003ABACA /* libopencv_shape.4.5.4.dylib in Frameworks */ = {isa = PBXBuildFile; fileRef = BB31E30827826519003ABACA /* libopencv_shape.4.5.4.dylib */; };
		BB31E3412782651B003ABACA /* libopencv_features2d.4.5.4.dylib in Frameworks */ = {isa = PBXBuildFile; fileRef = BB31E30927826519003ABACA /* libopencv_features2d.4.5.4.dylib */; };
		BB31E3422782651B003ABACA /* libopencv_xphoto.4.5.4.dylib in Frameworks */ = {isa = PBXBuildFile; fileRef = BB31E30A27826519003ABACA /* libopencv_xphoto.4.5.4.dylib */; };
		BB31E3432782651B003ABACA /* libopencv_objdetect.4.5.4.dylib in Frameworks */ = {isa = PBXBuildFile; fileRef = BB31E30B27826519003ABACA /* libopencv_objdetect.4.5.4.dylib */; };
		BB31E3442782651B003ABACA /* libopencv_plot.4.5.4.dylib in Frameworks */ = {isa = PBXBuildFile; fileRef = BB31E30C27826519003ABACA /* libopencv_plot.4.5.4.dylib */; };
		BB31E3452782651B003ABACA /* libopencv_rapid.4.5.4.dylib in Frameworks */ = {isa = PBXBuildFile; fileRef = BB31E30D27826519003ABACA /* libopencv_rapid.4.5.4.dylib */; };
		BB31E3462782651B003ABACA /* libopencv_ximgproc.4.5.4.dylib in Frameworks */ = {isa = PBXBuildFile; fileRef = BB31E30E2782651A003ABACA /* libopencv_ximgproc.4.5.4.dylib */; };
		BB31E3472782651B003ABACA /* libopencv_videostab.4.5.4.dylib in Frameworks */ = {isa = PBXBuildFile; fileRef = BB31E30F2782651A003ABACA /* libopencv_videostab.4.5.4.dylib */; };
		BB31E3482782651C003ABACA /* libopencv_freetype.4.5.4.dylib in Frameworks */ = {isa = PBXBuildFile; fileRef = BB31E3102782651A003ABACA /* libopencv_freetype.4.5.4.dylib */; };
		BB31E3492782651C003ABACA /* libopencv_superres.4.5.4.dylib in Frameworks */ = {isa = PBXBuildFile; fileRef = BB31E3112782651A003ABACA /* libopencv_superres.4.5.4.dylib */; };
		BB31E34A2782651C003ABACA /* libopencv_barcode.4.5.4.dylib in Frameworks */ = {isa = PBXBuildFile; fileRef = BB31E3122782651A003ABACA /* libopencv_barcode.4.5.4.dylib */; };
		BB31E34B2782651C003ABACA /* libopencv_reg.4.5.4.dylib in Frameworks */ = {isa = PBXBuildFile; fileRef = BB31E3132782651A003ABACA /* libopencv_reg.4.5.4.dylib */; };
		BB31E34C2782651C003ABACA /* libopencv_core.4.5.4.dylib in Frameworks */ = {isa = PBXBuildFile; fileRef = BB31E3142782651A003ABACA /* libopencv_core.4.5.4.dylib */; };
		BB31E34D2782651C003ABACA /* libopencv_xfeatures2d.4.5.4.dylib in Frameworks */ = {isa = PBXBuildFile; fileRef = BB31E3152782651A003ABACA /* libopencv_xfeatures2d.4.5.4.dylib */; };
/* End PBXBuildFile section */

/* Begin PBXCopyFilesBuildPhase section */
		BB31E2D027825FE0003ABACA /* CopyFiles */ = {
			isa = PBXCopyFilesBuildPhase;
			buildActionMask = 2147483647;
			dstPath = /usr/share/man/man1/;
			dstSubfolderSpec = 0;
			files = (
			);
			runOnlyForDeploymentPostprocessing = 1;
		};
/* End PBXCopyFilesBuildPhase section */

/* Begin PBXFileReference section */
		BB31E2D227825FE0003ABACA /* ruya */ = {isa = PBXFileReference; explicitFileType = "compiled.mach-o.executable"; includeInIndex = 0; path = ruya; sourceTree = BUILT_PRODUCTS_DIR; };
		BB31E2D527825FE0003ABACA /* main.cpp */ = {isa = PBXFileReference; lastKnownFileType = sourcecode.cpp.cpp; path = main.cpp; sourceTree = "<group>"; };
		BB31E2DE27826518003ABACA /* libopencv_calib3d.4.5.4.dylib */ = {isa = PBXFileReference; lastKnownFileType = "compiled.mach-o.dylib"; name = libopencv_calib3d.4.5.4.dylib; path = ../../../../../../../usr/local/Cellar/opencv/4.5.4_1/lib/libopencv_calib3d.4.5.4.dylib; sourceTree = "<group>"; };
		BB31E2DF27826518003ABACA /* libopencv_bgsegm.4.5.4.dylib */ = {isa = PBXFileReference; lastKnownFileType = "compiled.mach-o.dylib"; name = libopencv_bgsegm.4.5.4.dylib; path = ../../../../../../../usr/local/Cellar/opencv/4.5.4_1/lib/libopencv_bgsegm.4.5.4.dylib; sourceTree = "<group>"; };
		BB31E2E027826518003ABACA /* libopencv_sfm.4.5.4.dylib */ = {isa = PBXFileReference; lastKnownFileType = "compiled.mach-o.dylib"; name = libopencv_sfm.4.5.4.dylib; path = ../../../../../../../usr/local/Cellar/opencv/4.5.4_1/lib/libopencv_sfm.4.5.4.dylib; sourceTree = "<group>"; };
		BB31E2E127826518003ABACA /* libopencv_mcc.4.5.4.dylib */ = {isa = PBXFileReference; lastKnownFileType = "compiled.mach-o.dylib"; name = libopencv_mcc.4.5.4.dylib; path = ../../../../../../../usr/local/Cellar/opencv/4.5.4_1/lib/libopencv_mcc.4.5.4.dylib; sourceTree = "<group>"; };
		BB31E2E227826518003ABACA /* libopencv_imgcodecs.4.5.4.dylib */ = {isa = PBXFileReference; lastKnownFileType = "compiled.mach-o.dylib"; name = libopencv_imgcodecs.4.5.4.dylib; path = ../../../../../../../usr/local/Cellar/opencv/4.5.4_1/lib/libopencv_imgcodecs.4.5.4.dylib; sourceTree = "<group>"; };
		BB31E2E327826518003ABACA /* libopencv_imgproc.4.5.4.dylib */ = {isa = PBXFileReference; lastKnownFileType = "compiled.mach-o.dylib"; name = libopencv_imgproc.4.5.4.dylib; path = ../../../../../../../usr/local/Cellar/opencv/4.5.4_1/lib/libopencv_imgproc.4.5.4.dylib; sourceTree = "<group>"; };
		BB31E2E427826518003ABACA /* libopencv_aruco.4.5.4.dylib */ = {isa = PBXFileReference; lastKnownFileType = "compiled.mach-o.dylib"; name = libopencv_aruco.4.5.4.dylib; path = ../../../../../../../usr/local/Cellar/opencv/4.5.4_1/lib/libopencv_aruco.4.5.4.dylib; sourceTree = "<group>"; };
		BB31E2E527826518003ABACA /* libopencv_photo.4.5.4.dylib */ = {isa = PBXFileReference; lastKnownFileType = "compiled.mach-o.dylib"; name = libopencv_photo.4.5.4.dylib; path = ../../../../../../../usr/local/Cellar/opencv/4.5.4_1/lib/libopencv_photo.4.5.4.dylib; sourceTree = "<group>"; };
		BB31E2E627826518003ABACA /* libopencv_line_descriptor.4.5.4.dylib */ = {isa = PBXFileReference; lastKnownFileType = "compiled.mach-o.dylib"; name = libopencv_line_descriptor.4.5.4.dylib; path = ../../../../../../../usr/local/Cellar/opencv/4.5.4_1/lib/libopencv_line_descriptor.4.5.4.dylib; sourceTree = "<group>"; };
		BB31E2E727826518003ABACA /* libopencv_fuzzy.4.5.4.dylib */ = {isa = PBXFileReference; lastKnownFileType = "compiled.mach-o.dylib"; name = libopencv_fuzzy.4.5.4.dylib; path = ../../../../../../../usr/local/Cellar/opencv/4.5.4_1/lib/libopencv_fuzzy.4.5.4.dylib; sourceTree = "<group>"; };
		BB31E2E827826518003ABACA /* libopencv_highgui.4.5.4.dylib */ = {isa = PBXFileReference; lastKnownFileType = "compiled.mach-o.dylib"; name = libopencv_highgui.4.5.4.dylib; path = ../../../../../../../usr/local/Cellar/opencv/4.5.4_1/lib/libopencv_highgui.4.5.4.dylib; sourceTree = "<group>"; };
		BB31E2E927826518003ABACA /* libopencv_optflow.4.5.4.dylib */ = {isa = PBXFileReference; lastKnownFileType = "compiled.mach-o.dylib"; name = libopencv_optflow.4.5.4.dylib; path = ../../../../../../../usr/local/Cellar/opencv/4.5.4_1/lib/libopencv_optflow.4.5.4.dylib; sourceTree = "<group>"; };
		BB31E2EA27826518003ABACA /* libopencv_quality.4.5.4.dylib */ = {isa = PBXFileReference; lastKnownFileType = "compiled.mach-o.dylib"; name = libopencv_quality.4.5.4.dylib; path = ../../../../../../../usr/local/Cellar/opencv/4.5.4_1/lib/libopencv_quality.4.5.4.dylib; sourceTree = "<group>"; };
		BB31E2EB27826518003ABACA /* libopencv_video.4.5.4.dylib */ = {isa = PBXFileReference; lastKnownFileType = "compiled.mach-o.dylib"; name = libopencv_video.4.5.4.dylib; path = ../../../../../../../usr/local/Cellar/opencv/4.5.4_1/lib/libopencv_video.4.5.4.dylib; sourceTree = "<group>"; };
		BB31E2EC27826518003ABACA /* libopencv_viz.4.5.4.dylib */ = {isa = PBXFileReference; lastKnownFileType = "compiled.mach-o.dylib"; name = libopencv_viz.4.5.4.dylib; path = ../../../../../../../usr/local/Cellar/opencv/4.5.4_1/lib/libopencv_viz.4.5.4.dylib; sourceTree = "<group>"; };
		BB31E2ED27826518003ABACA /* libopencv_tracking.4.5.4.dylib */ = {isa = PBXFileReference; lastKnownFileType = "compiled.mach-o.dylib"; name = libopencv_tracking.4.5.4.dylib; path = ../../../../../../../usr/local/Cellar/opencv/4.5.4_1/lib/libopencv_tracking.4.5.4.dylib; sourceTree = "<group>"; };
		BB31E2EE27826518003ABACA /* libopencv_structured_light.4.5.4.dylib */ = {isa = PBXFileReference; lastKnownFileType = "compiled.mach-o.dylib"; name = libopencv_structured_light.4.5.4.dylib; path = ../../../../../../../usr/local/Cellar/opencv/4.5.4_1/lib/libopencv_structured_light.4.5.4.dylib; sourceTree = "<group>"; };
		BB31E2EF27826518003ABACA /* libopencv_text.4.5.4.dylib */ = {isa = PBXFileReference; lastKnownFileType = "compiled.mach-o.dylib"; name = libopencv_text.4.5.4.dylib; path = ../../../../../../../usr/local/Cellar/opencv/4.5.4_1/lib/libopencv_text.4.5.4.dylib; sourceTree = "<group>"; };
		BB31E2F027826518003ABACA /* libopencv_ml.4.5.4.dylib */ = {isa = PBXFileReference; lastKnownFileType = "compiled.mach-o.dylib"; name = libopencv_ml.4.5.4.dylib; path = ../../../../../../../usr/local/Cellar/opencv/4.5.4_1/lib/libopencv_ml.4.5.4.dylib; sourceTree = "<group>"; };
		BB31E2F127826518003ABACA /* libopencv_dnn_superres.4.5.4.dylib */ = {isa = PBXFileReference; lastKnownFileType = "compiled.mach-o.dylib"; name = libopencv_dnn_superres.4.5.4.dylib; path = ../../../../../../../usr/local/Cellar/opencv/4.5.4_1/lib/libopencv_dnn_superres.4.5.4.dylib; sourceTree = "<group>"; };
		BB31E2F227826518003ABACA /* libopencv_stitching.4.5.4.dylib */ = {isa = PBXFileReference; lastKnownFileType = "compiled.mach-o.dylib"; name = libopencv_stitching.4.5.4.dylib; path = ../../../../../../../usr/local/Cellar/opencv/4.5.4_1/lib/libopencv_stitching.4.5.4.dylib; sourceTree = "<group>"; };
		BB31E2F327826518003ABACA /* libopencv_videoio.4.5.4.dylib */ = {isa = PBXFileReference; lastKnownFileType = "compiled.mach-o.dylib"; name = libopencv_videoio.4.5.4.dylib; path = ../../../../../../../usr/local/Cellar/opencv/4.5.4_1/lib/libopencv_videoio.4.5.4.dylib; sourceTree = "<group>"; };
		BB31E2F427826518003ABACA /* libopencv_wechat_qrcode.4.5.4.dylib */ = {isa = PBXFileReference; lastKnownFileType = "compiled.mach-o.dylib"; name = libopencv_wechat_qrcode.4.5.4.dylib; path = ../../../../../../../usr/local/Cellar/opencv/4.5.4_1/lib/libopencv_wechat_qrcode.4.5.4.dylib; sourceTree = "<group>"; };
		BB31E2F527826518003ABACA /* libopencv_saliency.4.5.4.dylib */ = {isa = PBXFileReference; lastKnownFileType = "compiled.mach-o.dylib"; name = libopencv_saliency.4.5.4.dylib; path = ../../../../../../../usr/local/Cellar/opencv/4.5.4_1/lib/libopencv_saliency.4.5.4.dylib; sourceTree = "<group>"; };
		BB31E2F627826519003ABACA /* libopencv_alphamat.4.5.4.dylib */ = {isa = PBXFileReference; lastKnownFileType = "compiled.mach-o.dylib"; name = libopencv_alphamat.4.5.4.dylib; path = ../../../../../../../usr/local/Cellar/opencv/4.5.4_1/lib/libopencv_alphamat.4.5.4.dylib; sourceTree = "<group>"; };
		BB31E2F727826519003ABACA /* libopencv_bioinspired.4.5.4.dylib */ = {isa = PBXFileReference; lastKnownFileType = "compiled.mach-o.dylib"; name = libopencv_bioinspired.4.5.4.dylib; path = ../../../../../../../usr/local/Cellar/opencv/4.5.4_1/lib/libopencv_bioinspired.4.5.4.dylib; sourceTree = "<group>"; };
		BB31E2F827826519003ABACA /* libopencv_dpm.4.5.4.dylib */ = {isa = PBXFileReference; lastKnownFileType = "compiled.mach-o.dylib"; name = libopencv_dpm.4.5.4.dylib; path = ../../../../../../../usr/local/Cellar/opencv/4.5.4_1/lib/libopencv_dpm.4.5.4.dylib; sourceTree = "<group>"; };
		BB31E2F927826519003ABACA /* libopencv_surface_matching.4.5.4.dylib */ = {isa = PBXFileReference; lastKnownFileType = "compiled.mach-o.dylib"; name = libopencv_surface_matching.4.5.4.dylib; path = ../../../../../../../usr/local/Cellar/opencv/4.5.4_1/lib/libopencv_surface_matching.4.5.4.dylib; sourceTree = "<group>"; };
		BB31E2FA27826519003ABACA /* libopencv_flann.4.5.4.dylib */ = {isa = PBXFileReference; lastKnownFileType = "compiled.mach-o.dylib"; name = libopencv_flann.4.5.4.dylib; path = ../../../../../../../usr/local/Cellar/opencv/4.5.4_1/lib/libopencv_flann.4.5.4.dylib; sourceTree = "<group>"; };
		BB31E2FB27826519003ABACA /* libopencv_ccalib.4.5.4.dylib */ = {isa = PBXFileReference; lastKnownFileType = "compiled.mach-o.dylib"; name = libopencv_ccalib.4.5.4.dylib; path = ../../../../../../../usr/local/Cellar/opencv/4.5.4_1/lib/libopencv_ccalib.4.5.4.dylib; sourceTree = "<group>"; };
		BB31E2FC27826519003ABACA /* libopencv_xobjdetect.4.5.4.dylib */ = {isa = PBXFileReference; lastKnownFileType = "compiled.mach-o.dylib"; name = libopencv_xobjdetect.4.5.4.dylib; path = ../../../../../../../usr/local/Cellar/opencv/4.5.4_1/lib/libopencv_xobjdetect.4.5.4.dylib; sourceTree = "<group>"; };
		BB31E2FD27826519003ABACA /* libopencv_gapi.4.5.4.dylib */ = {isa = PBXFileReference; lastKnownFileType = "compiled.mach-o.dylib"; name = libopencv_gapi.4.5.4.dylib; path = ../../../../../../../usr/local/Cellar/opencv/4.5.4_1/lib/libopencv_gapi.4.5.4.dylib; sourceTree = "<group>"; };
		BB31E2FE27826519003ABACA /* libopencv_datasets.4.5.4.dylib */ = {isa = PBXFileReference; lastKnownFileType = "compiled.mach-o.dylib"; name = libopencv_datasets.4.5.4.dylib; path = ../../../../../../../usr/local/Cellar/opencv/4.5.4_1/lib/libopencv_datasets.4.5.4.dylib; sourceTree = "<group>"; };
		BB31E2FF27826519003ABACA /* libopencv_dnn.4.5.4.dylib */ = {isa = PBXFileReference; lastKnownFileType = "compiled.mach-o.dylib"; name = libopencv_dnn.4.5.4.dylib; path = ../../../../../../../usr/local/Cellar/opencv/4.5.4_1/lib/libopencv_dnn.4.5.4.dylib; sourceTree = "<group>"; };
		BB31E30027826519003ABACA /* libopencv_intensity_transform.4.5.4.dylib */ = {isa = PBXFileReference; lastKnownFileType = "compiled.mach-o.dylib"; name = libopencv_intensity_transform.4.5.4.dylib; path = ../../../../../../../usr/local/Cellar/opencv/4.5.4_1/lib/libopencv_intensity_transform.4.5.4.dylib; sourceTree = "<group>"; };
		BB31E30127826519003ABACA /* libopencv_rgbd.4.5.4.dylib */ = {isa = PBXFileReference; lastKnownFileType = "compiled.mach-o.dylib"; name = libopencv_rgbd.4.5.4.dylib; path = ../../../../../../../usr/local/Cellar/opencv/4.5.4_1/lib/libopencv_rgbd.4.5.4.dylib; sourceTree = "<group>"; };
		BB31E30227826519003ABACA /* libopencv_img_hash.4.5.4.dylib */ = {isa = PBXFileReference; lastKnownFileType = "compiled.mach-o.dylib"; name = libopencv_img_hash.4.5.4.dylib; path = ../../../../../../../usr/local/Cellar/opencv/4.5.4_1/lib/libopencv_img_hash.4.5.4.dylib; sourceTree = "<group>"; };
		BB31E30327826519003ABACA /* libopencv_dnn_objdetect.4.5.4.dylib */ = {isa = PBXFileReference; lastKnownFileType = "compiled.mach-o.dylib"; name = libopencv_dnn_objdetect.4.5.4.dylib; path = ../../../../../../../usr/local/Cellar/opencv/4.5.4_1/lib/libopencv_dnn_objdetect.4.5.4.dylib; sourceTree = "<group>"; };
		BB31E30427826519003ABACA /* libopencv_phase_unwrapping.4.5.4.dylib */ = {isa = PBXFileReference; lastKnownFileType = "compiled.mach-o.dylib"; name = libopencv_phase_unwrapping.4.5.4.dylib; path = ../../../../../../../usr/local/Cellar/opencv/4.5.4_1/lib/libopencv_phase_unwrapping.4.5.4.dylib; sourceTree = "<group>"; };
		BB31E30527826519003ABACA /* libopencv_face.4.5.4.dylib */ = {isa = PBXFileReference; lastKnownFileType = "compiled.mach-o.dylib"; name = libopencv_face.4.5.4.dylib; path = ../../../../../../../usr/local/Cellar/opencv/4.5.4_1/lib/libopencv_face.4.5.4.dylib; sourceTree = "<group>"; };
		BB31E30627826519003ABACA /* libopencv_stereo.4.5.4.dylib */ = {isa = PBXFileReference; lastKnownFileType = "compiled.mach-o.dylib"; name = libopencv_stereo.4.5.4.dylib; path = ../../../../../../../usr/local/Cellar/opencv/4.5.4_1/lib/libopencv_stereo.4.5.4.dylib; sourceTree = "<group>"; };
		BB31E30727826519003ABACA /* libopencv_hfs.4.5.4.dylib */ = {isa = PBXFileReference; lastKnownFileType = "compiled.mach-o.dylib"; name = libopencv_hfs.4.5.4.dylib; path = ../../../../../../../usr/local/Cellar/opencv/4.5.4_1/lib/libopencv_hfs.4.5.4.dylib; sourceTree = "<group>"; };
		BB31E30827826519003ABACA /* libopencv_shape.4.5.4.dylib */ = {isa = PBXFileReference; lastKnownFileType = "compiled.mach-o.dylib"; name = libopencv_shape.4.5.4.dylib; path = ../../../../../../../usr/local/Cellar/opencv/4.5.4_1/lib/libopencv_shape.4.5.4.dylib; sourceTree = "<group>"; };
		BB31E30927826519003ABACA /* libopencv_features2d.4.5.4.dylib */ = {isa = PBXFileReference; lastKnownFileType = "compiled.mach-o.dylib"; name = libopencv_features2d.4.5.4.dylib; path = ../../../../../../../usr/local/Cellar/opencv/4.5.4_1/lib/libopencv_features2d.4.5.4.dylib; sourceTree = "<group>"; };
		BB31E30A27826519003ABACA /* libopencv_xphoto.4.5.4.dylib */ = {isa = PBXFileReference; lastKnownFileType = "compiled.mach-o.dylib"; name = libopencv_xphoto.4.5.4.dylib; path = ../../../../../../../usr/local/Cellar/opencv/4.5.4_1/lib/libopencv_xphoto.4.5.4.dylib; sourceTree = "<group>"; };
		BB31E30B27826519003ABACA /* libopencv_objdetect.4.5.4.dylib */ = {isa = PBXFileReference; lastKnownFileType = "compiled.mach-o.dylib"; name = libopencv_objdetect.4.5.4.dylib; path = ../../../../../../../usr/local/Cellar/opencv/4.5.4_1/lib/libopencv_objdetect.4.5.4.dylib; sourceTree = "<group>"; };
		BB31E30C27826519003ABACA /* libopencv_plot.4.5.4.dylib */ = {isa = PBXFileReference; lastKnownFileType = "compiled.mach-o.dylib"; name = libopencv_plot.4.5.4.dylib; path = ../../../../../../../usr/local/Cellar/opencv/4.5.4_1/lib/libopencv_plot.4.5.4.dylib; sourceTree = "<group>"; };
		BB31E30D27826519003ABACA /* libopencv_rapid.4.5.4.dylib */ = {isa = PBXFileReference; lastKnownFileType = "compiled.mach-o.dylib"; name = libopencv_rapid.4.5.4.dylib; path = ../../../../../../../usr/local/Cellar/opencv/4.5.4_1/lib/libopencv_rapid.4.5.4.dylib; sourceTree = "<group>"; };
		BB31E30E2782651A003ABACA /* libopencv_ximgproc.4.5.4.dylib */ = {isa = PBXFileReference; lastKnownFileType = "compiled.mach-o.dylib"; name = libopencv_ximgproc.4.5.4.dylib; path = ../../../../../../../usr/local/Cellar/opencv/4.5.4_1/lib/libopencv_ximgproc.4.5.4.dylib; sourceTree = "<group>"; };
		BB31E30F2782651A003ABACA /* libopencv_videostab.4.5.4.dylib */ = {isa = PBXFileReference; lastKnownFileType = "compiled.mach-o.dylib"; name = libopencv_videostab.4.5.4.dylib; path = ../../../../../../../usr/local/Cellar/opencv/4.5.4_1/lib/libopencv_videostab.4.5.4.dylib; sourceTree = "<group>"; };
		BB31E3102782651A003ABACA /* libopencv_freetype.4.5.4.dylib */ = {isa = PBXFileReference; lastKnownFileType = "compiled.mach-o.dylib"; name = libopencv_freetype.4.5.4.dylib; path = ../../../../../../../usr/local/Cellar/opencv/4.5.4_1/lib/libopencv_freetype.4.5.4.dylib; sourceTree = "<group>"; };
		BB31E3112782651A003ABACA /* libopencv_superres.4.5.4.dylib */ = {isa = PBXFileReference; lastKnownFileType = "compiled.mach-o.dylib"; name = libopencv_superres.4.5.4.dylib; path = ../../../../../../../usr/local/Cellar/opencv/4.5.4_1/lib/libopencv_superres.4.5.4.dylib; sourceTree = "<group>"; };
		BB31E3122782651A003ABACA /* libopencv_barcode.4.5.4.dylib */ = {isa = PBXFileReference; lastKnownFileType = "compiled.mach-o.dylib"; name = libopencv_barcode.4.5.4.dylib; path = ../../../../../../../usr/local/Cellar/opencv/4.5.4_1/lib/libopencv_barcode.4.5.4.dylib; sourceTree = "<group>"; };
		BB31E3132782651A003ABACA /* libopencv_reg.4.5.4.dylib */ = {isa = PBXFileReference; lastKnownFileType = "compiled.mach-o.dylib"; name = libopencv_reg.4.5.4.dylib; path = ../../../../../../../usr/local/Cellar/opencv/4.5.4_1/lib/libopencv_reg.4.5.4.dylib; sourceTree = "<group>"; };
		BB31E3142782651A003ABACA /* libopencv_core.4.5.4.dylib */ = {isa = PBXFileReference; lastKnownFileType = "compiled.mach-o.dylib"; name = libopencv_core.4.5.4.dylib; path = ../../../../../../../usr/local/Cellar/opencv/4.5.4_1/lib/libopencv_core.4.5.4.dylib; sourceTree = "<group>"; };
		BB31E3152782651A003ABACA /* libopencv_xfeatures2d.4.5.4.dylib */ = {isa = PBXFileReference; lastKnownFileType = "compiled.mach-o.dylib"; name = libopencv_xfeatures2d.4.5.4.dylib; path = ../../../../../../../usr/local/Cellar/opencv/4.5.4_1/lib/libopencv_xfeatures2d.4.5.4.dylib; sourceTree = "<group>"; };
		BB31E34E278265C0003ABACA /* ruya.entitlements */ = {isa = PBXFileReference; lastKnownFileType = text.plist.entitlements; path = ruya.entitlements; sourceTree = "<group>"; };
		BB31E35227826DD3003ABACA /* resources */ = {isa = PBXFileReference; lastKnownFileType = folder; name = resources; path = ../../../../../../Desktop/resources; sourceTree = "<group>"; };
/* End PBXFileReference section */

/* Begin PBXFrameworksBuildPhase section */
		BB31E2CF27825FE0003ABACA /* Frameworks */ = {
			isa = PBXFrameworksBuildPhase;
			buildActionMask = 2147483647;
			files = (
				BB31E3292782651A003ABACA /* libopencv_dnn_superres.4.5.4.dylib in Frameworks */,
				BB31E3232782651A003ABACA /* libopencv_video.4.5.4.dylib in Frameworks */,
				BB31E3222782651A003ABACA /* libopencv_quality.4.5.4.dylib in Frameworks */,
				BB31E3282782651A003ABACA /* libopencv_ml.4.5.4.dylib in Frameworks */,
				BB31E33B2782651B003ABACA /* libopencv_dnn_objdetect.4.5.4.dylib in Frameworks */,
				BB31E3452782651B003ABACA /* libopencv_rapid.4.5.4.dylib in Frameworks */,
				BB31E3482782651C003ABACA /* libopencv_freetype.4.5.4.dylib in Frameworks */,
				BB31E3202782651A003ABACA /* libopencv_highgui.4.5.4.dylib in Frameworks */,
				BB31E3462782651B003ABACA /* libopencv_ximgproc.4.5.4.dylib in Frameworks */,
				BB31E3352782651B003ABACA /* libopencv_gapi.4.5.4.dylib in Frameworks */,
				BB31E3382782651B003ABACA /* libopencv_intensity_transform.4.5.4.dylib in Frameworks */,
				BB31E31B2782651A003ABACA /* libopencv_imgproc.4.5.4.dylib in Frameworks */,
				BB31E31F2782651A003ABACA /* libopencv_fuzzy.4.5.4.dylib in Frameworks */,
				BB31E3182782651A003ABACA /* libopencv_sfm.4.5.4.dylib in Frameworks */,
				BB31E33E2782651B003ABACA /* libopencv_stereo.4.5.4.dylib in Frameworks */,
				BB31E3162782651A003ABACA /* libopencv_calib3d.4.5.4.dylib in Frameworks */,
				BB31E32F2782651A003ABACA /* libopencv_bioinspired.4.5.4.dylib in Frameworks */,
				BB31E33A2782651B003ABACA /* libopencv_img_hash.4.5.4.dylib in Frameworks */,
				BB31E3442782651B003ABACA /* libopencv_plot.4.5.4.dylib in Frameworks */,
				BB31E3422782651B003ABACA /* libopencv_xphoto.4.5.4.dylib in Frameworks */,
				BB31E3342782651A003ABACA /* libopencv_xobjdetect.4.5.4.dylib in Frameworks */,
				BB31E3492782651C003ABACA /* libopencv_superres.4.5.4.dylib in Frameworks */,
				BB31E3432782651B003ABACA /* libopencv_objdetect.4.5.4.dylib in Frameworks */,
				BB31E3192782651A003ABACA /* libopencv_mcc.4.5.4.dylib in Frameworks */,
				BB31E32C2782651A003ABACA /* libopencv_wechat_qrcode.4.5.4.dylib in Frameworks */,
				BB31E3392782651B003ABACA /* libopencv_rgbd.4.5.4.dylib in Frameworks */,
				BB31E34A2782651C003ABACA /* libopencv_barcode.4.5.4.dylib in Frameworks */,
				BB31E33C2782651B003ABACA /* libopencv_phase_unwrapping.4.5.4.dylib in Frameworks */,
				BB31E3212782651A003ABACA /* libopencv_optflow.4.5.4.dylib in Frameworks */,
				BB31E3472782651B003ABACA /* libopencv_videostab.4.5.4.dylib in Frameworks */,
				BB31E3172782651A003ABACA /* libopencv_bgsegm.4.5.4.dylib in Frameworks */,
				BB31E34C2782651C003ABACA /* libopencv_core.4.5.4.dylib in Frameworks */,
				BB31E34D2782651C003ABACA /* libopencv_xfeatures2d.4.5.4.dylib in Frameworks */,
				BB31E3242782651A003ABACA /* libopencv_viz.4.5.4.dylib in Frameworks */,
				BB31E3252782651A003ABACA /* libopencv_tracking.4.5.4.dylib in Frameworks */,
				BB31E32B2782651A003ABACA /* libopencv_videoio.4.5.4.dylib in Frameworks */,
				BB31E32D2782651A003ABACA /* libopencv_saliency.4.5.4.dylib in Frameworks */,
				BB31E3332782651A003ABACA /* libopencv_ccalib.4.5.4.dylib in Frameworks */,
				BB31E3402782651B003ABACA /* libopencv_shape.4.5.4.dylib in Frameworks */,
				BB31E31A2782651A003ABACA /* libopencv_imgcodecs.4.5.4.dylib in Frameworks */,
				BB31E3322782651A003ABACA /* libopencv_flann.4.5.4.dylib in Frameworks */,
				BB31E31C2782651A003ABACA /* libopencv_aruco.4.5.4.dylib in Frameworks */,
				BB31E3262782651A003ABACA /* libopencv_structured_light.4.5.4.dylib in Frameworks */,
				BB31E3362782651B003ABACA /* libopencv_datasets.4.5.4.dylib in Frameworks */,
				BB31E31E2782651A003ABACA /* libopencv_line_descriptor.4.5.4.dylib in Frameworks */,
				BB31E34B2782651C003ABACA /* libopencv_reg.4.5.4.dylib in Frameworks */,
				BB31E32A2782651A003ABACA /* libopencv_stitching.4.5.4.dylib in Frameworks */,
				BB31E3302782651A003ABACA /* libopencv_dpm.4.5.4.dylib in Frameworks */,
				BB31E32E2782651A003ABACA /* libopencv_alphamat.4.5.4.dylib in Frameworks */,
				BB31E33D2782651B003ABACA /* libopencv_face.4.5.4.dylib in Frameworks */,
				BB31E3412782651B003ABACA /* libopencv_features2d.4.5.4.dylib in Frameworks */,
				BB31E31D2782651A003ABACA /* libopencv_photo.4.5.4.dylib in Frameworks */,
				BB31E3272782651A003ABACA /* libopencv_text.4.5.4.dylib in Frameworks */,
				BB31E3312782651A003ABACA /* libopencv_surface_matching.4.5.4.dylib in Frameworks */,
				BB31E33F2782651B003ABACA /* libopencv_hfs.4.5.4.dylib in Frameworks */,
				BB31E3372782651B003ABACA /* libopencv_dnn.4.5.4.dylib in Frameworks */,
			);
			runOnlyForDeploymentPostprocessing = 0;
		};
/* End PBXFrameworksBuildPhase section */

/* Begin PBXGroup section */
		BB31E2C927825FDF003ABACA = {
			isa = PBXGroup;
			children = (
				BB31E2F627826519003ABACA /* libopencv_alphamat.4.5.4.dylib */,
				BB31E2E427826518003ABACA /* libopencv_aruco.4.5.4.dylib */,
				BB31E3122782651A003ABACA /* libopencv_barcode.4.5.4.dylib */,
				BB31E2DF27826518003ABACA /* libopencv_bgsegm.4.5.4.dylib */,
				BB31E2F727826519003ABACA /* libopencv_bioinspired.4.5.4.dylib */,
				BB31E2DE27826518003ABACA /* libopencv_calib3d.4.5.4.dylib */,
				BB31E2FB27826519003ABACA /* libopencv_ccalib.4.5.4.dylib */,
				BB31E3142782651A003ABACA /* libopencv_core.4.5.4.dylib */,
				BB31E2FE27826519003ABACA /* libopencv_datasets.4.5.4.dylib */,
				BB31E30327826519003ABACA /* libopencv_dnn_objdetect.4.5.4.dylib */,
				BB31E2F127826518003ABACA /* libopencv_dnn_superres.4.5.4.dylib */,
				BB31E2FF27826519003ABACA /* libopencv_dnn.4.5.4.dylib */,
				BB31E2F827826519003ABACA /* libopencv_dpm.4.5.4.dylib */,
				BB31E30527826519003ABACA /* libopencv_face.4.5.4.dylib */,
				BB31E30927826519003ABACA /* libopencv_features2d.4.5.4.dylib */,
				BB31E2FA27826519003ABACA /* libopencv_flann.4.5.4.dylib */,
				BB31E3102782651A003ABACA /* libopencv_freetype.4.5.4.dylib */,
				BB31E2E727826518003ABACA /* libopencv_fuzzy.4.5.4.dylib */,
				BB31E2FD27826519003ABACA /* libopencv_gapi.4.5.4.dylib */,
				BB31E30727826519003ABACA /* libopencv_hfs.4.5.4.dylib */,
				BB31E2E827826518003ABACA /* libopencv_highgui.4.5.4.dylib */,
				BB31E30227826519003ABACA /* libopencv_img_hash.4.5.4.dylib */,
				BB31E2E227826518003ABACA /* libopencv_imgcodecs.4.5.4.dylib */,
				BB31E2E327826518003ABACA /* libopencv_imgproc.4.5.4.dylib */,
				BB31E30027826519003ABACA /* libopencv_intensity_transform.4.5.4.dylib */,
				BB31E2E627826518003ABACA /* libopencv_line_descriptor.4.5.4.dylib */,
				BB31E2E127826518003ABACA /* libopencv_mcc.4.5.4.dylib */,
				BB31E2F027826518003ABACA /* libopencv_ml.4.5.4.dylib */,
				BB31E30B27826519003ABACA /* libopencv_objdetect.4.5.4.dylib */,
				BB31E2E927826518003ABACA /* libopencv_optflow.4.5.4.dylib */,
				BB31E30427826519003ABACA /* libopencv_phase_unwrapping.4.5.4.dylib */,
				BB31E2E527826518003ABACA /* libopencv_photo.4.5.4.dylib */,
				BB31E30C27826519003ABACA /* libopencv_plot.4.5.4.dylib */,
				BB31E2EA27826518003ABACA /* libopencv_quality.4.5.4.dylib */,
				BB31E30D27826519003ABACA /* libopencv_rapid.4.5.4.dylib */,
				BB31E3132782651A003ABACA /* libopencv_reg.4.5.4.dylib */,
				BB31E30127826519003ABACA /* libopencv_rgbd.4.5.4.dylib */,
				BB31E2F527826518003ABACA /* libopencv_saliency.4.5.4.dylib */,
				BB31E2E027826518003ABACA /* libopencv_sfm.4.5.4.dylib */,
				BB31E30827826519003ABACA /* libopencv_shape.4.5.4.dylib */,
				BB31E30627826519003ABACA /* libopencv_stereo.4.5.4.dylib */,
				BB31E2F227826518003ABACA /* libopencv_stitching.4.5.4.dylib */,
				BB31E2EE27826518003ABACA /* libopencv_structured_light.4.5.4.dylib */,
				BB31E3112782651A003ABACA /* libopencv_superres.4.5.4.dylib */,
				BB31E2F927826519003ABACA /* libopencv_surface_matching.4.5.4.dylib */,
				BB31E2EF27826518003ABACA /* libopencv_text.4.5.4.dylib */,
				BB31E2ED27826518003ABACA /* libopencv_tracking.4.5.4.dylib */,
				BB31E2EB27826518003ABACA /* libopencv_video.4.5.4.dylib */,
				BB31E2F327826518003ABACA /* libopencv_videoio.4.5.4.dylib */,
				BB31E30F2782651A003ABACA /* libopencv_videostab.4.5.4.dylib */,
				BB31E2EC27826518003ABACA /* libopencv_viz.4.5.4.dylib */,
				BB31E2F427826518003ABACA /* libopencv_wechat_qrcode.4.5.4.dylib */,
				BB31E3152782651A003ABACA /* libopencv_xfeatures2d.4.5.4.dylib */,
				BB31E30E2782651A003ABACA /* libopencv_ximgproc.4.5.4.dylib */,
				BB31E2FC27826519003ABACA /* libopencv_xobjdetect.4.5.4.dylib */,
				BB31E30A27826519003ABACA /* libopencv_xphoto.4.5.4.dylib */,
				BB31E2D427825FE0003ABACA /* ruya */,
				BB31E2D327825FE0003ABACA /* Products */,
			);
			sourceTree = "<group>";
		};
		BB31E2D327825FE0003ABACA /* Products */ = {
			isa = PBXGroup;
			children = (
				BB31E2D227825FE0003ABACA /* ruya */,
			);
			name = Products;
			sourceTree = "<group>";
		};
		BB31E2D427825FE0003ABACA /* ruya */ = {
			isa = PBXGroup;
			children = (
				BB31E35227826DD3003ABACA /* resources */,
				BB31E34E278265C0003ABACA /* ruya.entitlements */,
				BB31E2D527825FE0003ABACA /* main.cpp */,
			);
			path = ruya;
			sourceTree = "<group>";
		};
/* End PBXGroup section */

/* Begin PBXNativeTarget section */
		BB31E2D127825FE0003ABACA /* ruya */ = {
			isa = PBXNativeTarget;
			buildConfigurationList = BB31E2D927825FE0003ABACA /* Build configuration list for PBXNativeTarget "ruya" */;
			buildPhases = (
				BB31E2CE27825FE0003ABACA /* Sources */,
				BB31E2CF27825FE0003ABACA /* Frameworks */,
				BB31E2D027825FE0003ABACA /* CopyFiles */,
			);
			buildRules = (
			);
			dependencies = (
			);
			name = ruya;
			productName = ruya;
			productReference = BB31E2D227825FE0003ABACA /* ruya */;
			productType = "com.apple.product-type.tool";
		};
/* End PBXNativeTarget section */

/* Begin PBXProject section */
		BB31E2CA27825FDF003ABACA /* Project object */ = {
			isa = PBXProject;
			attributes = {
				BuildIndependentTargetsInParallel = 1;
				LastUpgradeCheck = 1310;
				TargetAttributes = {
					BB31E2D127825FE0003ABACA = {
						CreatedOnToolsVersion = 13.1;
					};
				};
			};
			buildConfigurationList = BB31E2CD27825FDF003ABACA /* Build configuration list for PBXProject "ruya" */;
			compatibilityVersion = "Xcode 13.0";
			developmentRegion = en;
			hasScannedForEncodings = 0;
			knownRegions = (
				en,
				Base,
			);
			mainGroup = BB31E2C927825FDF003ABACA;
			productRefGroup = BB31E2D327825FE0003ABACA /* Products */;
			projectDirPath = "";
			projectRoot = "";
			targets = (
				BB31E2D127825FE0003ABACA /* ruya */,
			);
		};
/* End PBXProject section */

/* Begin PBXSourcesBuildPhase section */
		BB31E2CE27825FE0003ABACA /* Sources */ = {
			isa = PBXSourcesBuildPhase;
			buildActionMask = 2147483647;
			files = (
				BB31E2D627825FE0003ABACA /* main.cpp in Sources */,
			);
			runOnlyForDeploymentPostprocessing = 0;
		};
/* End PBXSourcesBuildPhase section */

/* Begin XCBuildConfiguration section */
		BB31E2D727825FE0003ABACA /* Debug */ = {
			isa = XCBuildConfiguration;
			buildSettings = {
				ALWAYS_SEARCH_USER_PATHS = NO;
				CLANG_ANALYZER_NONNULL = YES;
				CLANG_ANALYZER_NUMBER_OBJECT_CONVERSION = YES_AGGRESSIVE;
				CLANG_CXX_LANGUAGE_STANDARD = "gnu++17";
				CLANG_CXX_LIBRARY = "libc++";
				CLANG_ENABLE_MODULES = YES;
				CLANG_ENABLE_OBJC_ARC = YES;
				CLANG_ENABLE_OBJC_WEAK = YES;
				CLANG_WARN_BLOCK_CAPTURE_AUTORELEASING = YES;
				CLANG_WARN_BOOL_CONVERSION = YES;
				CLANG_WARN_COMMA = YES;
				CLANG_WARN_CONSTANT_CONVERSION = YES;
				CLANG_WARN_DEPRECATED_OBJC_IMPLEMENTATIONS = YES;
				CLANG_WARN_DIRECT_OBJC_ISA_USAGE = YES_ERROR;
				CLANG_WARN_DOCUMENTATION_COMMENTS = YES;
				CLANG_WARN_EMPTY_BODY = YES;
				CLANG_WARN_ENUM_CONVERSION = YES;
				CLANG_WARN_INFINITE_RECURSION = YES;
				CLANG_WARN_INT_CONVERSION = YES;
				CLANG_WARN_NON_LITERAL_NULL_CONVERSION = YES;
				CLANG_WARN_OBJC_IMPLICIT_RETAIN_SELF = YES;
				CLANG_WARN_OBJC_LITERAL_CONVERSION = YES;
				CLANG_WARN_OBJC_ROOT_CLASS = YES_ERROR;
				CLANG_WARN_QUOTED_INCLUDE_IN_FRAMEWORK_HEADER = YES;
				CLANG_WARN_RANGE_LOOP_ANALYSIS = YES;
				CLANG_WARN_STRICT_PROTOTYPES = YES;
				CLANG_WARN_SUSPICIOUS_MOVE = YES;
				CLANG_WARN_UNGUARDED_AVAILABILITY = YES_AGGRESSIVE;
				CLANG_WARN_UNREACHABLE_CODE = YES;
				CLANG_WARN__DUPLICATE_METHOD_MATCH = YES;
				COPY_PHASE_STRIP = NO;
				DEBUG_INFORMATION_FORMAT = dwarf;
				ENABLE_STRICT_OBJC_MSGSEND = YES;
				ENABLE_TESTABILITY = YES;
				GCC_C_LANGUAGE_STANDARD = gnu11;
				GCC_DYNAMIC_NO_PIC = NO;
				GCC_NO_COMMON_BLOCKS = YES;
				GCC_OPTIMIZATION_LEVEL = 0;
				GCC_PREPROCESSOR_DEFINITIONS = (
					"DEBUG=1",
					"$(inherited)",
				);
				GCC_WARN_64_TO_32_BIT_CONVERSION = YES;
				GCC_WARN_ABOUT_RETURN_TYPE = YES_ERROR;
				GCC_WARN_UNDECLARED_SELECTOR = YES;
				GCC_WARN_UNINITIALIZED_AUTOS = YES_AGGRESSIVE;
				GCC_WARN_UNUSED_FUNCTION = YES;
				GCC_WARN_UNUSED_VARIABLE = YES;
				MACOSX_DEPLOYMENT_TARGET = 12.0;
				MTL_ENABLE_DEBUG_INFO = INCLUDE_SOURCE;
				MTL_FAST_MATH = YES;
				ONLY_ACTIVE_ARCH = YES;
				SDKROOT = macosx;
			};
			name = Debug;
		};
		BB31E2D827825FE0003ABACA /* Release */ = {
			isa = XCBuildConfiguration;
			buildSettings = {
				ALWAYS_SEARCH_USER_PATHS = NO;
				CLANG_ANALYZER_NONNULL = YES;
				CLANG_ANALYZER_NUMBER_OBJECT_CONVERSION = YES_AGGRESSIVE;
				CLANG_CXX_LANGUAGE_STANDARD = "gnu++17";
				CLANG_CXX_LIBRARY = "libc++";
				CLANG_ENABLE_MODULES = YES;
				CLANG_ENABLE_OBJC_ARC = YES;
				CLANG_ENABLE_OBJC_WEAK = YES;
				CLANG_WARN_BLOCK_CAPTURE_AUTORELEASING = YES;
				CLANG_WARN_BOOL_CONVERSION = YES;
				CLANG_WARN_COMMA = YES;
				CLANG_WARN_CONSTANT_CONVERSION = YES;
				CLANG_WARN_DEPRECATED_OBJC_IMPLEMENTATIONS = YES;
				CLANG_WARN_DIRECT_OBJC_ISA_USAGE = YES_ERROR;
				CLANG_WARN_DOCUMENTATION_COMMENTS = YES;
				CLANG_WARN_EMPTY_BODY = YES;
				CLANG_WARN_ENUM_CONVERSION = YES;
				CLANG_WARN_INFINITE_RECURSION = YES;
				CLANG_WARN_INT_CONVERSION = YES;
				CLANG_WARN_NON_LITERAL_NULL_CONVERSION = YES;
				CLANG_WARN_OBJC_IMPLICIT_RETAIN_SELF = YES;
				CLANG_WARN_OBJC_LITERAL_CONVERSION = YES;
				CLANG_WARN_OBJC_ROOT_CLASS = YES_ERROR;
				CLANG_WARN_QUOTED_INCLUDE_IN_FRAMEWORK_HEADER = YES;
				CLANG_WARN_RANGE_LOOP_ANALYSIS = YES;
				CLANG_WARN_STRICT_PROTOTYPES = YES;
				CLANG_WARN_SUSPICIOUS_MOVE = YES;
				CLANG_WARN_UNGUARDED_AVAILABILITY = YES_AGGRESSIVE;
				CLANG_WARN_UNREACHABLE_CODE = YES;
				CLANG_WARN__DUPLICATE_METHOD_MATCH = YES;
				COPY_PHASE_STRIP = NO;
				DEBUG_INFORMATION_FORMAT = "dwarf-with-dsym";
				ENABLE_NS_ASSERTIONS = NO;
				ENABLE_STRICT_OBJC_MSGSEND = YES;
				GCC_C_LANGUAGE_STANDARD = gnu11;
				GCC_NO_COMMON_BLOCKS = YES;
				GCC_WARN_64_TO_32_BIT_CONVERSION = YES;
				GCC_WARN_ABOUT_RETURN_TYPE = YES_ERROR;
				GCC_WARN_UNDECLARED_SELECTOR = YES;
				GCC_WARN_UNINITIALIZED_AUTOS = YES_AGGRESSIVE;
				GCC_WARN_UNUSED_FUNCTION = YES;
				GCC_WARN_UNUSED_VARIABLE = YES;
				MACOSX_DEPLOYMENT_TARGET = 12.0;
				MTL_ENABLE_DEBUG_INFO = NO;
				MTL_FAST_MATH = YES;
				SDKROOT = macosx;
			};
			name = Release;
		};
		BB31E2DA27825FE0003ABACA /* Debug */ = {
			isa = XCBuildConfiguration;
			buildSettings = {
				CODE_SIGN_ENTITLEMENTS = ruya/ruya.entitlements;
				CODE_SIGN_STYLE = Automatic;
				DEVELOPMENT_TEAM = AA6L85X5DN;
				ENABLE_HARDENED_RUNTIME = YES;
				HEADER_SEARCH_PATHS = "/usr/local/Cellar/opencv/4.5.4_1/include/opencv4/**";
				LIBRARY_SEARCH_PATHS = (
					"$(inherited)",
					/usr/local/Cellar/opencv/4.5.4_1/lib,
				);
				PRODUCT_NAME = "$(TARGET_NAME)";
			};
			name = Debug;
		};
		BB31E2DB27825FE0003ABACA /* Release */ = {
			isa = XCBuildConfiguration;
			buildSettings = {
				CODE_SIGN_ENTITLEMENTS = ruya/ruya.entitlements;
				CODE_SIGN_STYLE = Automatic;
				DEVELOPMENT_TEAM = AA6L85X5DN;
				ENABLE_HARDENED_RUNTIME = YES;
				HEADER_SEARCH_PATHS = "/usr/local/Cellar/opencv/4.5.4_1/include/opencv4/**";
				LIBRARY_SEARCH_PATHS = (
					"$(inherited)",
					/usr/local/Cellar/opencv/4.5.4_1/lib,
				);
				PRODUCT_NAME = "$(TARGET_NAME)";
			};
			name = Release;
		};
/* End XCBuildConfiguration section */

/* Begin XCConfigurationList section */
		BB31E2CD27825FDF003ABACA /* Build configuration list for PBXProject "ruya" */ = {
			isa = XCConfigurationList;
			buildConfigurations = (
				BB31E2D727825FE0003ABACA /* Debug */,
				BB31E2D827825FE0003ABACA /* Release */,
			);
			defaultConfigurationIsVisible = 0;
			defaultConfigurationName = Release;
		};
		BB31E2D927825FE0003ABACA /* Build configuration list for PBXNativeTarget "ruya" */ = {
			isa = XCConfigurationList;
			buildConfigurations = (
				BB31E2DA27825FE0003ABACA /* Debug */,
				BB31E2DB27825FE0003ABACA /* Release */,
			);
			defaultConfigurationIsVisible = 0;
			defaultConfigurationName = Release;
		};
/* End XCConfigurationList section */
	};
	rootObject = BB31E2CA27825FDF003ABACA /* Project object */;
}
